
Microsoft Visual Studio Solution File, Format Version 12.00
# Visual Studio 15
Project("{FAE04EC0-301F-11D3-BF4B-00C04F79EFBC}") = "BindingIssue.Android", "BindingIssue.Android\BindingIssue.Android.csproj", "{D37ADE2E-F955-4E83-8AA6-D70BE35A6029}"
EndProject
Project("{FAE04EC0-301F-11D3-BF4B-00C04F79EFBC}") = "BindingIssue.iOS", "BindingIssue.iOS\BindingIssue.iOS.csproj", "{C89E09EF-7D53-4546-ABB7-AF9B3D0DEC75}"
EndProject
Project("{FAE04EC0-301F-11D3-BF4B-00C04F79EFBC}") = "BindingIssue", "BindingIssue\BindingIssue.csproj", "{50E4BD21-460F-4F95-811B-C46BDC5AA80F}"
EndProject
Global
	GlobalSection(SolutionConfigurationPlatforms) = preSolution
		Debug|Any CPU = Debug|Any CPU
		Release|Any CPU = Release|Any CPU
		Debug|iPhoneSimulator = Debug|iPhoneSimulator
		Release|iPhoneSimulator = Release|iPhoneSimulator
		Debug|iPhone = Debug|iPhone
		Release|iPhone = Release|iPhone
	EndGlobalSection
	GlobalSection(ProjectConfigurationPlatforms) = postSolution
		{D37ADE2E-F955-4E83-8AA6-D70BE35A6029}.Debug|Any CPU.ActiveCfg = Debug|Any CPU
		{D37ADE2E-F955-4E83-8AA6-D70BE35A6029}.Debug|Any CPU.Build.0 = Debug|Any CPU
		{D37ADE2E-F955-4E83-8AA6-D70BE35A6029}.Release|Any CPU.ActiveCfg = Release|Any CPU
		{D37ADE2E-F955-4E83-8AA6-D70BE35A6029}.Release|Any CPU.Build.0 = Release|Any CPU
		{D37ADE2E-F955-4E83-8AA6-D70BE35A6029}.Debug|iPhoneSimulator.ActiveCfg = Debug|Any CPU
		{D37ADE2E-F955-4E83-8AA6-D70BE35A6029}.Debug|iPhoneSimulator.Build.0 = Debug|Any CPU
		{D37ADE2E-F955-4E83-8AA6-D70BE35A6029}.Release|iPhoneSimulator.ActiveCfg = Release|Any CPU
		{D37ADE2E-F955-4E83-8AA6-D70BE35A6029}.Release|iPhoneSimulator.Build.0 = Release|Any CPU
		{D37ADE2E-F955-4E83-8AA6-D70BE35A6029}.Debug|iPhone.ActiveCfg = Debug|Any CPU
		{D37ADE2E-F955-4E83-8AA6-D70BE35A6029}.Debug|iPhone.Build.0 = Debug|Any CPU
		{D37ADE2E-F955-4E83-8AA6-D70BE35A6029}.Release|iPhone.ActiveCfg = Release|Any CPU
		{D37ADE2E-F955-4E83-8AA6-D70BE35A6029}.Release|iPhone.Build.0 = Release|Any CPU
		{C89E09EF-7D53-4546-ABB7-AF9B3D0DEC75}.Debug|Any CPU.ActiveCfg = Debug|iPhoneSimulator
		{C89E09EF-7D53-4546-ABB7-AF9B3D0DEC75}.Debug|Any CPU.Build.0 = Debug|iPhoneSimulator
		{C89E09EF-7D53-4546-ABB7-AF9B3D0DEC75}.Release|Any CPU.ActiveCfg = Release|iPhoneSimulator
		{C89E09EF-7D53-4546-ABB7-AF9B3D0DEC75}.Release|Any CPU.Build.0 = Release|iPhoneSimulator
		{C89E09EF-7D53-4546-ABB7-AF9B3D0DEC75}.Debug|iPhoneSimulator.ActiveCfg = Debug|iPhoneSimulator
		{C89E09EF-7D53-4546-ABB7-AF9B3D0DEC75}.Debug|iPhoneSimulator.Build.0 = Debug|iPhoneSimulator
		{C89E09EF-7D53-4546-ABB7-AF9B3D0DEC75}.Release|iPhoneSimulator.ActiveCfg = Release|iPhoneSimulator
		{C89E09EF-7D53-4546-ABB7-AF9B3D0DEC75}.Release|iPhoneSimulator.Build.0 = Release|iPhoneSimulator
		{C89E09EF-7D53-4546-ABB7-AF9B3D0DEC75}.Debug|iPhone.ActiveCfg = Debug|iPhone
		{C89E09EF-7D53-4546-ABB7-AF9B3D0DEC75}.Debug|iPhone.Build.0 = Debug|iPhone
		{C89E09EF-7D53-4546-ABB7-AF9B3D0DEC75}.Release|iPhone.ActiveCfg = Release|iPhone
		{C89E09EF-7D53-4546-ABB7-AF9B3D0DEC75}.Release|iPhone.Build.0 = Release|iPhone
		{50E4BD21-460F-4F95-811B-C46BDC5AA80F}.Debug|Any CPU.ActiveCfg = Debug|Any CPU
		{50E4BD21-460F-4F95-811B-C46BDC5AA80F}.Debug|Any CPU.Build.0 = Debug|Any CPU
		{50E4BD21-460F-4F95-811B-C46BDC5AA80F}.Release|Any CPU.ActiveCfg = Release|Any CPU
		{50E4BD21-460F-4F95-811B-C46BDC5AA80F}.Release|Any CPU.Build.0 = Release|Any CPU
		{50E4BD21-460F-4F95-811B-C46BDC5AA80F}.Debug|iPhoneSimulator.ActiveCfg = Debug|Any CPU
		{50E4BD21-460F-4F95-811B-C46BDC5AA80F}.Debug|iPhoneSimulator.Build.0 = Debug|Any CPU
		{50E4BD21-460F-4F95-811B-C46BDC5AA80F}.Release|iPhoneSimulator.ActiveCfg = Release|Any CPU
		{50E4BD21-460F-4F95-811B-C46BDC5AA80F}.Release|iPhoneSimulator.Build.0 = Release|Any CPU
		{50E4BD21-460F-4F95-811B-C46BDC5AA80F}.Debug|iPhone.ActiveCfg = Debug|Any CPU
		{50E4BD21-460F-4F95-811B-C46BDC5AA80F}.Debug|iPhone.Build.0 = Debug|Any CPU
		{50E4BD21-460F-4F95-811B-C46BDC5AA80F}.Release|iPhone.ActiveCfg = Release|Any CPU
		{50E4BD21-460F-4F95-811B-C46BDC5AA80F}.Release|iPhone.Build.0 = Release|Any CPU
	EndGlobalSection
EndGlobal
